
Microsoft Visual Studio Solution File, Format Version 12.00
# Visual Studio Version 17
VisualStudioVersion = 17.1.32407.343
MinimumVisualStudioVersion = 10.0.40219.1
Project("{9A19103F-16F7-4668-BE54-9A1E7A4F7556}") = "BitCheck", "BitCheck\BitCheck.csproj", "{71D06777-BC00-433B-8495-A28467B48D9E}"
EndProject
Project("{FAE04EC0-301F-11D3-BF4B-00C04F79EFBC}") = "BitCheck.Tests", "Bitcheck.Tests\BitCheck.Tests.csproj", "{53CAA897-22AB-4E72-B9E8-689BE8AF43A6}"
EndProject
Global
	GlobalSection(SolutionConfigurationPlatforms) = preSolution
		Debug|Any CPU = Debug|Any CPU
		Release|Any CPU = Release|Any CPU
	EndGlobalSection
	GlobalSection(ProjectConfigurationPlatforms) = postSolution
		{71D06777-BC00-433B-8495-A28467B48D9E}.Debug|Any CPU.ActiveCfg = Debug|Any CPU
		{71D06777-BC00-433B-8495-A28467B48D9E}.Debug|Any CPU.Build.0 = Debug|Any CPU
		{71D06777-BC00-433B-8495-A28467B48D9E}.Release|Any CPU.ActiveCfg = Release|Any CPU
		{71D06777-BC00-433B-8495-A28467B48D9E}.Release|Any CPU.Build.0 = Release|Any CPU
		{53CAA897-22AB-4E72-B9E8-689BE8AF43A6}.Debug|Any CPU.ActiveCfg = Debug|Any CPU
		{53CAA897-22AB-4E72-B9E8-689BE8AF43A6}.Debug|Any CPU.Build.0 = Debug|Any CPU
		{53CAA897-22AB-4E72-B9E8-689BE8AF43A6}.Release|Any CPU.ActiveCfg = Release|Any CPU
		{53CAA897-22AB-4E72-B9E8-689BE8AF43A6}.Release|Any CPU.Build.0 = Release|Any CPU
	EndGlobalSection
	GlobalSection(SolutionProperties) = preSolution
		HideSolutionNode = FALSE
	EndGlobalSection
	GlobalSection(ExtensibilityGlobals) = postSolution
		SolutionGuid = {B056EAF0-86DC-4B5F-9719-3BD1E726F8ED}
	EndGlobalSection
EndGlobal
